{
  "name": "hapi-bpc",
  "version": "0.0.1",
  "lockfileVersion": 1,
  "requires": true,
  "dependencies": {
    "boom": {
      "version": "7.2.0",
      "resolved": "https://registry.npmjs.org/boom/-/boom-7.2.0.tgz",
      "integrity": "sha1-K/8kpVVldn/ehp7ICDF+sQxI6WY=",
      "requires": {
        "hoek": "5.0.3"
      }
    },
    "bounce": {
      "version": "1.2.0",
      "resolved": "https://registry.npmjs.org/bounce/-/bounce-1.2.0.tgz",
      "integrity": "sha512-8syCGe8B2/WC53118/F/tFy5aW00j+eaGPXmAUP7iBhxc+EBZZxS1vKelWyBCH6IqojgS2t1gF0glH30qAJKEw==",
      "requires": {
        "boom": "7.2.0",
        "hoek": "5.0.3"
      }
    },
    "cryptiles": {
      "version": "4.1.2",
      "resolved": "https://registry.npmjs.org/cryptiles/-/cryptiles-4.1.2.tgz",
      "integrity": "sha512-U2ALcoAHvA1oO2xOreyHvtkQ+IELqDG2WVWRI1GH/XEmmfGIOalnM5MU5Dd2ITyWfr3m6kNqXiy8XuYyd4wKJw==",
      "requires": {
        "boom": "7.2.0"
      }
    },
    "hawk": {
      "version": "7.0.7",
      "resolved": "https://registry.npmjs.org/hawk/-/hawk-7.0.7.tgz",
      "integrity": "sha512-Vr0JSJCDO3wajpu/YDTArTPPloLFhkzj7s45HYDP+tJuleTYKcTplbVT4+xx6YHzOxD1GBUisxCSz9u58eOOSA==",
      "requires": {
        "boom": "7.2.0",
        "cryptiles": "4.1.2",
        "hoek": "5.0.3",
        "sntp": "3.0.1"
      }
    },
    "hoek": {
      "version": "5.0.3",
      "resolved": "https://registry.npmjs.org/hoek/-/hoek-5.0.3.tgz",
      "integrity": "sha512-Bmr56pxML1c9kU+NS51SMFkiVQAb+9uFfXwyqR2tn4w2FPvmPt65eZ9aCcEfRXd9G74HkZnILC6p967pED4aiw=="
    },
    "schmervice": {
      "version": "1.0.0",
      "resolved": "https://registry.npmjs.org/schmervice/-/schmervice-1.0.0.tgz",
      "integrity": "sha512-Gwx70D9KnCusMDzDIZ2rnZcfb2TRKgLUdeYTeaPEQH1E4Cs+bLerfcYdjYroDWzJ912mtMBIIDFKV1BWXMXvIw==",
      "requires": {
        "hoek": "5.0.3"
      }
    },
    "sntp": {
      "version": "3.0.1",
      "resolved": "https://registry.npmjs.org/sntp/-/sntp-3.0.1.tgz",
      "integrity": "sha512-k2SIWd9c1dBRDLalpr2Ioc64bPxTpmUwSsQi+w7CLdizUIvGrbUZloEHw5I6VeqCKNWjL9p7n+LdtD5XQXJMbw==",
      "requires": {
        "boom": "7.2.0",
        "bounce": "1.2.0",
        "hoek": "5.0.3",
        "teamwork": "3.0.1"
      }
    },
    "teamwork": {
      "version": "3.0.1",
      "resolved": "https://registry.npmjs.org/teamwork/-/teamwork-3.0.1.tgz",
      "integrity": "sha512-hEkJIpDOfOYe9NYaLFk00zQbzZeKNCY8T2pRH3I13Y1mJwxaSQ6NEsjY5rCp+11ezCiZpWGoGFTbOuhg4qKevQ=="
    }
  }
}
